
Microsoft Visual Studio Solution File, Format Version 12.00
# Visual Studio Version 17
VisualStudioVersion = 17.14.36301.6 d17.14
MinimumVisualStudioVersion = 10.0.40219.1
Project("{8BC9CEB8-8B4A-11D0-8D11-00A0C91BC942}") = "string-cleaner", "string-cleaner\string-cleaner.vcxproj", "{943DFBAC-5197-4093-BC76-B87BF4541221}"
EndProject
Global
	GlobalSection(SolutionConfigurationPlatforms) = preSolution
		Debug|x64 = Debug|x64
		Debug|x86 = Debug|x86
		Release|x64 = Release|x64
		Release|x86 = Release|x86
	EndGlobalSection
	GlobalSection(ProjectConfigurationPlatforms) = postSolution
		{943DFBAC-5197-4093-BC76-B87BF4541221}.Debug|x64.ActiveCfg = Debug|x64
		{943DFBAC-5197-4093-BC76-B87BF4541221}.Debug|x64.Build.0 = Debug|x64
		{943DFBAC-5197-4093-BC76-B87BF4541221}.Debug|x86.ActiveCfg = Debug|Win32
		{943DFBAC-5197-4093-BC76-B87BF4541221}.Debug|x86.Build.0 = Debug|Win32
		{943DFBAC-5197-4093-BC76-B87BF4541221}.Release|x64.ActiveCfg = Release|x64
		{943DFBAC-5197-4093-BC76-B87BF4541221}.Release|x64.Build.0 = Release|x64
		{943DFBAC-5197-4093-BC76-B87BF4541221}.Release|x86.ActiveCfg = Release|Win32
		{943DFBAC-5197-4093-BC76-B87BF4541221}.Release|x86.Build.0 = Release|Win32
	EndGlobalSection
	GlobalSection(SolutionProperties) = preSolution
		HideSolutionNode = FALSE
	EndGlobalSection
	GlobalSection(ExtensibilityGlobals) = postSolution
		SolutionGuid = {2620AD74-E8E9-4CCD-9614-9A5BA63BF748}
	EndGlobalSection
EndGlobal
